
Microsoft Visual Studio Solution File, Format Version 12.00
# Visual Studio Version 16
VisualStudioVersion = 16.0.32413.511
MinimumVisualStudioVersion = 10.0.40219.1
Project("{FAE04EC0-301F-11D3-BF4B-00C04F79EFBC}") = "KARTOGRAPH", "kurso4_1try\KARTOGRAPH.csproj", "{34F53761-09A9-477C-816D-146E6A808D5E}"
EndProject
Global
	GlobalSection(SolutionConfigurationPlatforms) = preSolution
		Debug|Any CPU = Debug|Any CPU
		Release|Any CPU = Release|Any CPU
	EndGlobalSection
	GlobalSection(ProjectConfigurationPlatforms) = postSolution
		{34F53761-09A9-477C-816D-146E6A808D5E}.Debug|Any CPU.ActiveCfg = Debug|Any CPU
		{34F53761-09A9-477C-816D-146E6A808D5E}.Debug|Any CPU.Build.0 = Debug|Any CPU
		{34F53761-09A9-477C-816D-146E6A808D5E}.Release|Any CPU.ActiveCfg = Release|Any CPU
		{34F53761-09A9-477C-816D-146E6A808D5E}.Release|Any CPU.Build.0 = Release|Any CPU
	EndGlobalSection
	GlobalSection(SolutionProperties) = preSolution
		HideSolutionNode = FALSE
	EndGlobalSection
	GlobalSection(ExtensibilityGlobals) = postSolution
		SolutionGuid = {8EFE3B11-EAEC-4590-A7A6-409942C19ACE}
	EndGlobalSection
EndGlobal
